
Microsoft Visual Studio Solution File, Format Version 12.00
# Visual Studio Version 18
VisualStudioVersion = 18.7.11903.348
MinimumVisualStudioVersion = 10.0.40219.1
Project("{FAE04EC0-301F-11D3-BF4B-00C04F79EFBC}") = "MonoGameLibrary", "MonoGameLibrary\MonoGameLibrary.csproj", "{1771D9FE-F261-409A-B3B1-62BB4EEC21CE}"
EndProject
Project("{FAE04EC0-301F-11D3-BF4B-00C04F79EFBC}") = "Content", "Content\Content.csproj", "{4B7D5F82-4003-401C-BECB-1A15535FD24A}"
EndProject
Project("{FAE04EC0-301F-11D3-BF4B-00C04F79EFBC}") = "TinyFmod", "TinyFmod\TinyFmod.csproj", "{24DDBBA8-EFAC-C81D-20E7-36AC240CF43E}"
EndProject
Project("{FAE04EC0-301F-11D3-BF4B-00C04F79EFBC}") = "DarkritProject", "DarkritProject\DarkritProject.csproj", "{3EAEC761-D268-86E9-EE50-C6EC7E62703D}"
EndProject
Global
	GlobalSection(SolutionConfigurationPlatforms) = preSolution
		Debug|Any CPU = Debug|Any CPU
		Release|Any CPU = Release|Any CPU
	EndGlobalSection
	GlobalSection(ProjectConfigurationPlatforms) = postSolution
		{1771D9FE-F261-409A-B3B1-62BB4EEC21CE}.Debug|Any CPU.ActiveCfg = Debug|Any CPU
		{1771D9FE-F261-409A-B3B1-62BB4EEC21CE}.Debug|Any CPU.Build.0 = Debug|Any CPU
		{1771D9FE-F261-409A-B3B1-62BB4EEC21CE}.Release|Any CPU.ActiveCfg = Release|Any CPU
		{1771D9FE-F261-409A-B3B1-62BB4EEC21CE}.Release|Any CPU.Build.0 = Release|Any CPU
		{4B7D5F82-4003-401C-BECB-1A15535FD24A}.Debug|Any CPU.ActiveCfg = Debug|Any CPU
		{4B7D5F82-4003-401C-BECB-1A15535FD24A}.Debug|Any CPU.Build.0 = Debug|Any CPU
		{4B7D5F82-4003-401C-BECB-1A15535FD24A}.Release|Any CPU.ActiveCfg = Release|Any CPU
		{4B7D5F82-4003-401C-BECB-1A15535FD24A}.Release|Any CPU.Build.0 = Release|Any CPU
		{24DDBBA8-EFAC-C81D-20E7-36AC240CF43E}.Debug|Any CPU.ActiveCfg = Debug|Any CPU
		{24DDBBA8-EFAC-C81D-20E7-36AC240CF43E}.Debug|Any CPU.Build.0 = Debug|Any CPU
		{24DDBBA8-EFAC-C81D-20E7-36AC240CF43E}.Release|Any CPU.ActiveCfg = Release|Any CPU
		{24DDBBA8-EFAC-C81D-20E7-36AC240CF43E}.Release|Any CPU.Build.0 = Release|Any CPU
		{3EAEC761-D268-86E9-EE50-C6EC7E62703D}.Debug|Any CPU.ActiveCfg = Debug|Any CPU
		{3EAEC761-D268-86E9-EE50-C6EC7E62703D}.Debug|Any CPU.Build.0 = Debug|Any CPU
		{3EAEC761-D268-86E9-EE50-C6EC7E62703D}.Release|Any CPU.ActiveCfg = Release|Any CPU
		{3EAEC761-D268-86E9-EE50-C6EC7E62703D}.Release|Any CPU.Build.0 = Release|Any CPU
	EndGlobalSection
	GlobalSection(SolutionProperties) = preSolution
		HideSolutionNode = FALSE
	EndGlobalSection
	GlobalSection(ExtensibilityGlobals) = postSolution
		SolutionGuid = {838BB1A4-AEC8-4720-9C32-68888B1198E7}
	EndGlobalSection
EndGlobal
